# THIS IS AN AUTOGENERATED FILE. DO NOT EDIT THIS FILE DIRECTLY.
# yarn lockfile v1


node-xml-stream@^1.0.2:
  version "1.0.2"
  resolved "https://registry.yarnpkg.com/node-xml-stream/-/node-xml-stream-1.0.2.tgz#7aa510f39ab125cc420e60a302f49147e80b000f"
  integrity sha512-W4LzsKQ1x3TldQQmXZfM/JO+3SPp+zzvA2Nf82chE7vXnZy7LqHjIqQe9yDUw58g2fTOaJo+DlPnIDfmozgsuw==
